
Microsoft Visual Studio Solution File, Format Version 12.00
# Visual Studio Version 17
VisualStudioVersion = 17.5.002.0
MinimumVisualStudioVersion = 10.0.40219.1
Project("{9A19103F-16F7-4668-BE54-9A1E7A4F7556}") = "c#_projects", "c#_projects.csproj", "{F670791C-62F6-4F53-B86C-CDD94EF3EFC1}"
EndProject
Global
	GlobalSection(SolutionConfigurationPlatforms) = preSolution
		Debug|Any CPU = Debug|Any CPU
		Release|Any CPU = Release|Any CPU
	EndGlobalSection
	GlobalSection(ProjectConfigurationPlatforms) = postSolution
		{F670791C-62F6-4F53-B86C-CDD94EF3EFC1}.Debug|Any CPU.ActiveCfg = Debug|Any CPU
		{F670791C-62F6-4F53-B86C-CDD94EF3EFC1}.Debug|Any CPU.Build.0 = Debug|Any CPU
		{F670791C-62F6-4F53-B86C-CDD94EF3EFC1}.Release|Any CPU.ActiveCfg = Release|Any CPU
		{F670791C-62F6-4F53-B86C-CDD94EF3EFC1}.Release|Any CPU.Build.0 = Release|Any CPU
	EndGlobalSection
	GlobalSection(SolutionProperties) = preSolution
		HideSolutionNode = FALSE
	EndGlobalSection
	GlobalSection(ExtensibilityGlobals) = postSolution
		SolutionGuid = {DAF0F50B-0D0A-46AC-914B-D0D12C70FDFA}
	EndGlobalSection
EndGlobal
