
Microsoft Visual Studio Solution File, Format Version 12.00
# Visual Studio Version 17
VisualStudioVersion = 17.5.002.0
MinimumVisualStudioVersion = 10.0.40219.1
Project("{9A19103F-16F7-4668-BE54-9A1E7A4F7556}") = "Patika_Linq_Exercise_Repo", "Patika_Linq_Exercise_Repo.csproj", "{8511C488-71CA-407D-A6CF-703E14284437}"
EndProject
Global
	GlobalSection(SolutionConfigurationPlatforms) = preSolution
		Debug|Any CPU = Debug|Any CPU
		Release|Any CPU = Release|Any CPU
	EndGlobalSection
	GlobalSection(ProjectConfigurationPlatforms) = postSolution
		{8511C488-71CA-407D-A6CF-703E14284437}.Debug|Any CPU.ActiveCfg = Debug|Any CPU
		{8511C488-71CA-407D-A6CF-703E14284437}.Debug|Any CPU.Build.0 = Debug|Any CPU
		{8511C488-71CA-407D-A6CF-703E14284437}.Release|Any CPU.ActiveCfg = Release|Any CPU
		{8511C488-71CA-407D-A6CF-703E14284437}.Release|Any CPU.Build.0 = Release|Any CPU
	EndGlobalSection
	GlobalSection(SolutionProperties) = preSolution
		HideSolutionNode = FALSE
	EndGlobalSection
	GlobalSection(ExtensibilityGlobals) = postSolution
		SolutionGuid = {619A5DF4-380B-4B3E-BF63-3D1CBB3BE07B}
	EndGlobalSection
EndGlobal
